
Microsoft Visual Studio Solution File, Format Version 12.00
# Visual Studio Version 17
VisualStudioVersion = 17.13.35931.197
MinimumVisualStudioVersion = 10.0.40219.1
Project("{FAE04EC0-301F-11D3-BF4B-00C04F79EFBC}") = "Ecommerce.Shared", "Ecommerce.Shared\Ecommerce.Shared.csproj", "{BDEE6099-91F4-4402-A54D-6962FAEDD775}"
EndProject
Project("{FAE04EC0-301F-11D3-BF4B-00C04F79EFBC}") = "Ecommerce.API", "Ecommerce.API\Ecommerce.API.csproj", "{D96C7A11-BDD2-4852-A147-9DACE22A0E6A}"
EndProject
Project("{FAE04EC0-301F-11D3-BF4B-00C04F79EFBC}") = "Ecommerce.Mobile", "Ecommerce.Mobile\Ecommerce.Mobile.csproj", "{8B7F6E44-D5FA-448F-CE30-25ED83D66789}"
	ProjectSection(ProjectDependencies) = postProject
		{D96C7A11-BDD2-4852-A147-9DACE22A0E6A} = {D96C7A11-BDD2-4852-A147-9DACE22A0E6A}
	EndProjectSection
EndProject
Global
	GlobalSection(SolutionConfigurationPlatforms) = preSolution
		Debug|Any CPU = Debug|Any CPU
		Release|Any CPU = Release|Any CPU
	EndGlobalSection
	GlobalSection(ProjectConfigurationPlatforms) = postSolution
		{BDEE6099-91F4-4402-A54D-6962FAEDD775}.Debug|Any CPU.ActiveCfg = Debug|Any CPU
		{BDEE6099-91F4-4402-A54D-6962FAEDD775}.Debug|Any CPU.Build.0 = Debug|Any CPU
		{BDEE6099-91F4-4402-A54D-6962FAEDD775}.Release|Any CPU.ActiveCfg = Release|Any CPU
		{BDEE6099-91F4-4402-A54D-6962FAEDD775}.Release|Any CPU.Build.0 = Release|Any CPU
		{D96C7A11-BDD2-4852-A147-9DACE22A0E6A}.Debug|Any CPU.ActiveCfg = Debug|Any CPU
		{D96C7A11-BDD2-4852-A147-9DACE22A0E6A}.Debug|Any CPU.Build.0 = Debug|Any CPU
		{D96C7A11-BDD2-4852-A147-9DACE22A0E6A}.Release|Any CPU.ActiveCfg = Release|Any CPU
		{D96C7A11-BDD2-4852-A147-9DACE22A0E6A}.Release|Any CPU.Build.0 = Release|Any CPU
		{8B7F6E44-D5FA-448F-CE30-25ED83D66789}.Debug|Any CPU.ActiveCfg = Debug|Any CPU
		{8B7F6E44-D5FA-448F-CE30-25ED83D66789}.Debug|Any CPU.Build.0 = Debug|Any CPU
		{8B7F6E44-D5FA-448F-CE30-25ED83D66789}.Release|Any CPU.ActiveCfg = Release|Any CPU
		{8B7F6E44-D5FA-448F-CE30-25ED83D66789}.Release|Any CPU.Build.0 = Release|Any CPU
	EndGlobalSection
	GlobalSection(SolutionProperties) = preSolution
		HideSolutionNode = FALSE
	EndGlobalSection
	GlobalSection(ExtensibilityGlobals) = postSolution
		SolutionGuid = {31DD854F-36DF-498D-9BC1-5C8EE4EC2727}
	EndGlobalSection
EndGlobal
